// !$*UTF8*$!
{
	archiveVersion = 1;
	classes = {
	};
	objectVersion = 48;
	objects = {

/* Begin PBXBuildFile section */
		DAEA8A7920B6CA40001B387B /* AppDelegate.swift in Sources */ = {isa = PBXBuildFile; fileRef = DAEA8A7820B6CA40001B387B /* AppDelegate.swift */; };
		DAEA8A7B20B6CA40001B387B /* WelcomeVC.swift in Sources */ = {isa = PBXBuildFile; fileRef = DAEA8A7A20B6CA40001B387B /* WelcomeVC.swift */; };
		DAEA8A7E20B6CA40001B387B /* Main.storyboard in Resources */ = {isa = PBXBuildFile; fileRef = DAEA8A7C20B6CA40001B387B /* Main.storyboard */; };
		DAEA8A8020B6CA40001B387B /* Assets.xcassets in Resources */ = {isa = PBXBuildFile; fileRef = DAEA8A7F20B6CA40001B387B /* Assets.xcassets */; };
		DAEA8A8320B6CA40001B387B /* LaunchScreen.storyboard in Resources */ = {isa = PBXBuildFile; fileRef = DAEA8A8120B6CA40001B387B /* LaunchScreen.storyboard */; };
		DAEA8A8C20B6D261001B387B /* BorderButton.swift in Sources */ = {isa = PBXBuildFile; fileRef = DAEA8A8B20B6D261001B387B /* BorderButton.swift */; };
		DAEA8A9020B71C0F001B387B /* LeagueVC.swift in Sources */ = {isa = PBXBuildFile; fileRef = DAEA8A8F20B71C0F001B387B /* LeagueVC.swift */; };
		DAEA8A9220B71C20001B387B /* SkillVC.swift in Sources */ = {isa = PBXBuildFile; fileRef = DAEA8A9120B71C20001B387B /* SkillVC.swift */; };
		DAEA8A9420B72590001B387B /* Player.swift in Sources */ = {isa = PBXBuildFile; fileRef = DAEA8A9320B72590001B387B /* Player.swift */; };
/* End PBXBuildFile section */

/* Begin PBXFileReference section */
		DAEA8A7520B6CA40001B387B /* app-swoosh.app */ = {isa = PBXFileReference; explicitFileType = wrapper.application; includeInIndex = 0; path = "app-swoosh.app"; sourceTree = BUILT_PRODUCTS_DIR; };
		DAEA8A7820B6CA40001B387B /* AppDelegate.swift */ = {isa = PBXFileReference; lastKnownFileType = sourcecode.swift; path = AppDelegate.swift; sourceTree = "<group>"; };
		DAEA8A7A20B6CA40001B387B /* WelcomeVC.swift */ = {isa = PBXFileReference; lastKnownFileType = sourcecode.swift; path = WelcomeVC.swift; sourceTree = "<group>"; };
		DAEA8A7D20B6CA40001B387B /* Base */ = {isa = PBXFileReference; lastKnownFileType = file.storyboard; name = Base; path = Base.lproj/Main.storyboard; sourceTree = "<group>"; };
		DAEA8A7F20B6CA40001B387B /* Assets.xcassets */ = {isa = PBXFileReference; lastKnownFileType = folder.assetcatalog; path = Assets.xcassets; sourceTree = "<group>"; };
		DAEA8A8220B6CA40001B387B /* Base */ = {isa = PBXFileReference; lastKnownFileType = file.storyboard; name = Base; path = Base.lproj/LaunchScreen.storyboard; sourceTree = "<group>"; };
		DAEA8A8420B6CA40001B387B /* Info.plist */ = {isa = PBXFileReference; lastKnownFileType = text.plist.xml; path = Info.plist; sourceTree = "<group>"; };
		DAEA8A8B20B6D261001B387B /* BorderButton.swift */ = {isa = PBXFileReference; lastKnownFileType = sourcecode.swift; path = BorderButton.swift; sourceTree = "<group>"; };
		DAEA8A8F20B71C0F001B387B /* LeagueVC.swift */ = {isa = PBXFileReference; lastKnownFileType = sourcecode.swift; path = LeagueVC.swift; sourceTree = "<group>"; };
		DAEA8A9120B71C20001B387B /* SkillVC.swift */ = {isa = PBXFileReference; lastKnownFileType = sourcecode.swift; path = SkillVC.swift; sourceTree = "<group>"; };
		DAEA8A9320B72590001B387B /* Player.swift */ = {isa = PBXFileReference; lastKnownFileType = sourcecode.swift; path = Player.swift; sourceTree = "<group>"; };
/* End PBXFileReference section */

/* Begin PBXFrameworksBuildPhase section */
		DAEA8A7220B6CA40001B387B /* Frameworks */ = {
			isa = PBXFrameworksBuildPhase;
			buildActionMask = 2147483647;
			files = (
			);
			runOnlyForDeploymentPostprocessing = 0;
		};
/* End PBXFrameworksBuildPhase section */

/* Begin PBXGroup section */
		DAEA8A6C20B6CA40001B387B = {
			isa = PBXGroup;
			children = (
				DAEA8A7720B6CA40001B387B /* app-swoosh */,
				DAEA8A7620B6CA40001B387B /* Products */,
			);
			sourceTree = "<group>";
		};
		DAEA8A7620B6CA40001B387B /* Products */ = {
			isa = PBXGroup;
			children = (
				DAEA8A7520B6CA40001B387B /* app-swoosh.app */,
			);
			name = Products;
			sourceTree = "<group>";
		};
		DAEA8A7720B6CA40001B387B /* app-swoosh */ = {
			isa = PBXGroup;
			children = (
				DAEA8A8E20B71B46001B387B /* Model */,
				DAEA8A8D20B71B37001B387B /* Controller */,
				DAEA8A8A20B6D1B8001B387B /* View */,
				DAEA8A7820B6CA40001B387B /* AppDelegate.swift */,
				DAEA8A7C20B6CA40001B387B /* Main.storyboard */,
				DAEA8A7F20B6CA40001B387B /* Assets.xcassets */,
				DAEA8A8120B6CA40001B387B /* LaunchScreen.storyboard */,
				DAEA8A8420B6CA40001B387B /* Info.plist */,
			);
			path = "app-swoosh";
			sourceTree = "<group>";
		};
		DAEA8A8A20B6D1B8001B387B /* View */ = {
			isa = PBXGroup;
			children = (
				DAEA8A8B20B6D261001B387B /* BorderButton.swift */,
			);
			path = View;
			sourceTree = "<group>";
		};
		DAEA8A8D20B71B37001B387B /* Controller */ = {
			isa = PBXGroup;
			children = (
				DAEA8A7A20B6CA40001B387B /* WelcomeVC.swift */,
				DAEA8A8F20B71C0F001B387B /* LeagueVC.swift */,
				DAEA8A9120B71C20001B387B /* SkillVC.swift */,
			);
			path = Controller;
			sourceTree = "<group>";
		};
		DAEA8A8E20B71B46001B387B /* Model */ = {
			isa = PBXGroup;
			children = (
				DAEA8A9320B72590001B387B /* Player.swift */,
			);
			path = Model;
			sourceTree = "<group>";
		};
/* End PBXGroup section */

/* Begin PBXNativeTarget section */
		DAEA8A7420B6CA40001B387B /* app-swoosh */ = {
			isa = PBXNativeTarget;
			buildConfigurationList = DAEA8A8720B6CA40001B387B /* Build configuration list for PBXNativeTarget "app-swoosh" */;
			buildPhases = (
				DAEA8A7120B6CA40001B387B /* Sources */,
				DAEA8A7220B6CA40001B387B /* Frameworks */,
				DAEA8A7320B6CA40001B387B /* Resources */,
			);
			buildRules = (
			);
			dependencies = (
			);
			name = "app-swoosh";
			productName = "app-swoosh";
			productReference = DAEA8A7520B6CA40001B387B /* app-swoosh.app */;
			productType = "com.apple.product-type.application";
		};
/* End PBXNativeTarget section */

/* Begin PBXProject section */
		DAEA8A6D20B6CA40001B387B /* Project object */ = {
			isa = PBXProject;
			attributes = {
				LastSwiftUpdateCheck = 0920;
				LastUpgradeCheck = 0920;
				ORGANIZATIONNAME = "Mikhail Grishin";
				TargetAttributes = {
					DAEA8A7420B6CA40001B387B = {
						CreatedOnToolsVersion = 9.2;
						ProvisioningStyle = Automatic;
					};
				};
			};
			buildConfigurationList = DAEA8A7020B6CA40001B387B /* Build configuration list for PBXProject "app-swoosh" */;
			compatibilityVersion = "Xcode 8.0";
			developmentRegion = en;
			hasScannedForEncodings = 0;
			knownRegions = (
				en,
				Base,
			);
			mainGroup = DAEA8A6C20B6CA40001B387B;
			productRefGroup = DAEA8A7620B6CA40001B387B /* Products */;
			projectDirPath = "";
			projectRoot = "";
			targets = (
				DAEA8A7420B6CA40001B387B /* app-swoosh */,
			);
		};
/* End PBXProject section */

/* Begin PBXResourcesBuildPhase section */
		DAEA8A7320B6CA40001B387B /* Resources */ = {
			isa = PBXResourcesBuildPhase;
			buildActionMask = 2147483647;
			files = (
				DAEA8A8320B6CA40001B387B /* LaunchScreen.storyboard in Resources */,
				DAEA8A8020B6CA40001B387B /* Assets.xcassets in Resources */,
				DAEA8A7E20B6CA40001B387B /* Main.storyboard in Resources */,
			);
			runOnlyForDeploymentPostprocessing = 0;
		};
/* End PBXResourcesBuildPhase section */

/* Begin PBXSourcesBuildPhase section */
		DAEA8A7120B6CA40001B387B /* Sources */ = {
			isa = PBXSourcesBuildPhase;
			buildActionMask = 2147483647;
			files = (
				DAEA8A7B20B6CA40001B387B /* WelcomeVC.swift in Sources */,
				DAEA8A9020B71C0F001B387B /* LeagueVC.swift in Sources */,
				DAEA8A7920B6CA40001B387B /* AppDelegate.swift in Sources */,
				DAEA8A9220B71C20001B387B /* SkillVC.swift in Sources */,
				DAEA8A9420B72590001B387B /* Player.swift in Sources */,
				DAEA8A8C20B6D261001B387B /* BorderButton.swift in Sources */,
			);
			runOnlyForDeploymentPostprocessing = 0;
		};
/* End PBXSourcesBuildPhase section */

/* Begin PBXVariantGroup section */
		DAEA8A7C20B6CA40001B387B /* Main.storyboard */ = {
			isa = PBXVariantGroup;
			children = (
				DAEA8A7D20B6CA40001B387B /* Base */,
			);
			name = Main.storyboard;
			sourceTree = "<group>";
		};
		DAEA8A8120B6CA40001B387B /* LaunchScreen.storyboard */ = {
			isa = PBXVariantGroup;
			children = (
				DAEA8A8220B6CA40001B387B /* Base */,
			);
			name = LaunchScreen.storyboard;
			sourceTree = "<group>";
		};
/* End PBXVariantGroup section */

/* Begin XCBuildConfiguration section */
		DAEA8A8520B6CA40001B387B /* Debug */ = {
			isa = XCBuildConfiguration;
			buildSettings = {
				ALWAYS_SEARCH_USER_PATHS = NO;
				CLANG_ANALYZER_NONNULL = YES;
				CLANG_ANALYZER_NUMBER_OBJECT_CONVERSION = YES_AGGRESSIVE;
				CLANG_CXX_LANGUAGE_STANDARD = "gnu++14";
				CLANG_CXX_LIBRARY = "libc++";
				CLANG_ENABLE_MODULES = YES;
				CLANG_ENABLE_OBJC_ARC = YES;
				CLANG_WARN_BLOCK_CAPTURE_AUTORELEASING = YES;
				CLANG_WARN_BOOL_CONVERSION = YES;
				CLANG_WARN_COMMA = YES;
				CLANG_WARN_CONSTANT_CONVERSION = YES;
				CLANG_WARN_DIRECT_OBJC_ISA_USAGE = YES_ERROR;
				CLANG_WARN_DOCUMENTATION_COMMENTS = YES;
				CLANG_WARN_EMPTY_BODY = YES;
				CLANG_WARN_ENUM_CONVERSION = YES;
				CLANG_WARN_INFINITE_RECURSION = YES;
				CLANG_WARN_INT_CONVERSION = YES;
				CLANG_WARN_NON_LITERAL_NULL_CONVERSION = YES;
				CLANG_WARN_OBJC_LITERAL_CONVERSION = YES;
				CLANG_WARN_OBJC_ROOT_CLASS = YES_ERROR;
				CLANG_WARN_RANGE_LOOP_ANALYSIS = YES;
				CLANG_WARN_STRICT_PROTOTYPES = YES;
				CLANG_WARN_SUSPICIOUS_MOVE = YES;
				CLANG_WARN_UNGUARDED_AVAILABILITY = YES_AGGRESSIVE;
				CLANG_WARN_UNREACHABLE_CODE = YES;
				CLANG_WARN__DUPLICATE_METHOD_MATCH = YES;
				CODE_SIGN_IDENTITY = "iPhone Developer";
				COPY_PHASE_STRIP = NO;
				DEBUG_INFORMATION_FORMAT = dwarf;
				ENABLE_STRICT_OBJC_MSGSEND = YES;
				ENABLE_TESTABILITY = YES;
				GCC_C_LANGUAGE_STANDARD = gnu11;
				GCC_DYNAMIC_NO_PIC = NO;
				GCC_NO_COMMON_BLOCKS = YES;
				GCC_OPTIMIZATION_LEVEL = 0;
				GCC_PREPROCESSOR_DEFINITIONS = (
					"DEBUG=1",
					"$(inherited)",
				);
				GCC_WARN_64_TO_32_BIT_CONVERSION = YES;
				GCC_WARN_ABOUT_RETURN_TYPE = YES_ERROR;
				GCC_WARN_UNDECLARED_SELECTOR = YES;
				GCC_WARN_UNINITIALIZED_AUTOS = YES_AGGRESSIVE;
				GCC_WARN_UNUSED_FUNCTION = YES;
				GCC_WARN_UNUSED_VARIABLE = YES;
				IPHONEOS_DEPLOYMENT_TARGET = 11.2;
				MTL_ENABLE_DEBUG_INFO = YES;
				ONLY_ACTIVE_ARCH = YES;
				SDKROOT = iphoneos;
				SWIFT_ACTIVE_COMPILATION_CONDITIONS = DEBUG;
				SWIFT_OPTIMIZATION_LEVEL = "-Onone";
			};
			name = Debug;
		};
		DAEA8A8620B6CA40001B387B /* Release */ = {
			isa = XCBuildConfiguration;
			buildSettings = {
				ALWAYS_SEARCH_USER_PATHS = NO;
				CLANG_ANALYZER_NONNULL = YES;
				CLANG_ANALYZER_NUMBER_OBJECT_CONVERSION = YES_AGGRESSIVE;
				CLANG_CXX_LANGUAGE_STANDARD = "gnu++14";
				CLANG_CXX_LIBRARY = "libc++";
				CLANG_ENABLE_MODULES = YES;
				CLANG_ENABLE_OBJC_ARC = YES;
				CLANG_WARN_BLOCK_CAPTURE_AUTORELEASING = YES;
				CLANG_WARN_BOOL_CONVERSION = YES;
				CLANG_WARN_COMMA = YES;
				CLANG_WARN_CONSTANT_CONVERSION = YES;
				CLANG_WARN_DIRECT_OBJC_ISA_USAGE = YES_ERROR;
				CLANG_WARN_DOCUMENTATION_COMMENTS = YES;
				CLANG_WARN_EMPTY_BODY = YES;
				CLANG_WARN_ENUM_CONVERSION = YES;
				CLANG_WARN_INFINITE_RECURSION = YES;
				CLANG_WARN_INT_CONVERSION = YES;
				CLANG_WARN_NON_LITERAL_NULL_CONVERSION = YES;
				CLANG_WARN_OBJC_LITERAL_CONVERSION = YES;
				CLANG_WARN_OBJC_ROOT_CLASS = YES_ERROR;
				CLANG_WARN_RANGE_LOOP_ANALYSIS = YES;
				CLANG_WARN_STRICT_PROTOTYPES = YES;
				CLANG_WARN_SUSPICIOUS_MOVE = YES;
				CLANG_WARN_UNGUARDED_AVAILABILITY = YES_AGGRESSIVE;
				CLANG_WARN_UNREACHABLE_CODE = YES;
				CLANG_WARN__DUPLICATE_METHOD_MATCH = YES;
				CODE_SIGN_IDENTITY = "iPhone Developer";
				COPY_PHASE_STRIP = NO;
				DEBUG_INFORMATION_FORMAT = "dwarf-with-dsym";
				ENABLE_NS_ASSERTIONS = NO;
				ENABLE_STRICT_OBJC_MSGSEND = YES;
				GCC_C_LANGUAGE_STANDARD = gnu11;
				GCC_NO_COMMON_BLOCKS = YES;
				GCC_WARN_64_TO_32_BIT_CONVERSION = YES;
				GCC_WARN_ABOUT_RETURN_TYPE = YES_ERROR;
				GCC_WARN_UNDECLARED_SELECTOR = YES;
				GCC_WARN_UNINITIALIZED_AUTOS = YES_AGGRESSIVE;
				GCC_WARN_UNUSED_FUNCTION = YES;
				GCC_WARN_UNUSED_VARIABLE = YES;
				IPHONEOS_DEPLOYMENT_TARGET = 11.2;
				MTL_ENABLE_DEBUG_INFO = NO;
				SDKROOT = iphoneos;
				SWIFT_OPTIMIZATION_LEVEL = "-Owholemodule";
				VALIDATE_PRODUCT = YES;
			};
			name = Release;
		};
		DAEA8A8820B6CA40001B387B /* Debug */ = {
			isa = XCBuildConfiguration;
			buildSettings = {
				ASSETCATALOG_COMPILER_APPICON_NAME = AppIcon;
				CODE_SIGN_STYLE = Automatic;
				DEVELOPMENT_TEAM = GPB9VJ95X4;
				INFOPLIST_FILE = "app-swoosh/Info.plist";
				LD_RUNPATH_SEARCH_PATHS = "$(inherited) @executable_path/Frameworks";
				PRODUCT_BUNDLE_IDENTIFIER = "ru.app-swoosh";
				PRODUCT_NAME = "$(TARGET_NAME)";
				SWIFT_VERSION = 4.0;
				TARGETED_DEVICE_FAMILY = "1,2";
			};
			name = Debug;
		};
		DAEA8A8920B6CA40001B387B /* Release */ = {
			isa = XCBuildConfiguration;
			buildSettings = {
				ASSETCATALOG_COMPILER_APPICON_NAME = AppIcon;
				CODE_SIGN_STYLE = Automatic;
				DEVELOPMENT_TEAM = GPB9VJ95X4;
				INFOPLIST_FILE = "app-swoosh/Info.plist";
				LD_RUNPATH_SEARCH_PATHS = "$(inherited) @executable_path/Frameworks";
				PRODUCT_BUNDLE_IDENTIFIER = "ru.app-swoosh";
				PRODUCT_NAME = "$(TARGET_NAME)";
				SWIFT_VERSION = 4.0;
				TARGETED_DEVICE_FAMILY = "1,2";
			};
			name = Release;
		};
/* End XCBuildConfiguration section */

/* Begin XCConfigurationList section */
		DAEA8A7020B6CA40001B387B /* Build configuration list for PBXProject "app-swoosh" */ = {
			isa = XCConfigurationList;
			buildConfigurations = (
				DAEA8A8520B6CA40001B387B /* Debug */,
				DAEA8A8620B6CA40001B387B /* Release */,
			);
			defaultConfigurationIsVisible = 0;
			defaultConfigurationName = Release;
		};
		DAEA8A8720B6CA40001B387B /* Build configuration list for PBXNativeTarget "app-swoosh" */ = {
			isa = XCConfigurationList;
			buildConfigurations = (
				DAEA8A8820B6CA40001B387B /* Debug */,
				DAEA8A8920B6CA40001B387B /* Release */,
			);
			defaultConfigurationIsVisible = 0;
			defaultConfigurationName = Release;
		};
/* End XCConfigurationList section */
	};
	rootObject = DAEA8A6D20B6CA40001B387B /* Project object */;
}
